// !$*UTF8*$!
{
	archiveVersion = 1;
	classes = {
	};
	objectVersion = 56;
	objects = {

/* Begin PBXBuildFile section */
		047996222C673D6800F64E6A /* MainScreenView.swift in Sources */ = {isa = PBXBuildFile; fileRef = 047996212C673D6800F64E6A /* MainScreenView.swift */; };
		047996242C67405600F64E6A /* MainScreenVIew.storyboard in Resources */ = {isa = PBXBuildFile; fileRef = 047996232C67405600F64E6A /* MainScreenVIew.storyboard */; };
		047996262C67505D00F64E6A /* MemeCollectionView.storyboard in Resources */ = {isa = PBXBuildFile; fileRef = 047996252C67505D00F64E6A /* MemeCollectionView.storyboard */; };
		047996282C67513600F64E6A /* MemeCollectionViewController.swift in Sources */ = {isa = PBXBuildFile; fileRef = 047996272C67513600F64E6A /* MemeCollectionViewController.swift */; };
		0479962A2C690CDD00F64E6A /* MemeCell.swift in Sources */ = {isa = PBXBuildFile; fileRef = 047996292C690CDD00F64E6A /* MemeCell.swift */; };
		0479962C2C69CC0100F64E6A /* MemeVideo.swift in Sources */ = {isa = PBXBuildFile; fileRef = 0479962B2C69CC0100F64E6A /* MemeVideo.swift */; };
		047996342C69E10400F64E6A /* MemeCollectionViewNavBar.swift in Sources */ = {isa = PBXBuildFile; fileRef = 047996332C69E10400F64E6A /* MemeCollectionViewNavBar.swift */; };
		047996362C69EA1A00F64E6A /* GlobalConstants.swift in Sources */ = {isa = PBXBuildFile; fileRef = 047996352C69EA1A00F64E6A /* GlobalConstants.swift */; };
		0495375A2C6731AD008C9D14 /* AppDelegate.swift in Sources */ = {isa = PBXBuildFile; fileRef = 049537592C6731AD008C9D14 /* AppDelegate.swift */; };
		0495375C2C6731AD008C9D14 /* SceneDelegate.swift in Sources */ = {isa = PBXBuildFile; fileRef = 0495375B2C6731AD008C9D14 /* SceneDelegate.swift */; };
		0495375E2C6731AD008C9D14 /* MainScreenViewController.swift in Sources */ = {isa = PBXBuildFile; fileRef = 0495375D2C6731AD008C9D14 /* MainScreenViewController.swift */; };
		049537632C6731AE008C9D14 /* Assets.xcassets in Resources */ = {isa = PBXBuildFile; fileRef = 049537622C6731AE008C9D14 /* Assets.xcassets */; };
		049537662C6731AE008C9D14 /* Base in Resources */ = {isa = PBXBuildFile; fileRef = 049537652C6731AE008C9D14 /* Base */; };
/* End PBXBuildFile section */

/* Begin PBXFileReference section */
		0479961E2C673A3000F64E6A /* README.md */ = {isa = PBXFileReference; lastKnownFileType = net.daringfireball.markdown; path = README.md; sourceTree = "<group>"; };
		047996212C673D6800F64E6A /* MainScreenView.swift */ = {isa = PBXFileReference; lastKnownFileType = sourcecode.swift; path = MainScreenView.swift; sourceTree = "<group>"; };
		047996232C67405600F64E6A /* MainScreenVIew.storyboard */ = {isa = PBXFileReference; lastKnownFileType = file.storyboard; path = MainScreenVIew.storyboard; sourceTree = "<group>"; };
		047996252C67505D00F64E6A /* MemeCollectionView.storyboard */ = {isa = PBXFileReference; lastKnownFileType = file.storyboard; path = MemeCollectionView.storyboard; sourceTree = "<group>"; };
		047996272C67513600F64E6A /* MemeCollectionViewController.swift */ = {isa = PBXFileReference; lastKnownFileType = sourcecode.swift; path = MemeCollectionViewController.swift; sourceTree = "<group>"; };
		047996292C690CDD00F64E6A /* MemeCell.swift */ = {isa = PBXFileReference; lastKnownFileType = sourcecode.swift; path = MemeCell.swift; sourceTree = "<group>"; };
		0479962B2C69CC0100F64E6A /* MemeVideo.swift */ = {isa = PBXFileReference; lastKnownFileType = sourcecode.swift; path = MemeVideo.swift; sourceTree = "<group>"; };
		047996332C69E10400F64E6A /* MemeCollectionViewNavBar.swift */ = {isa = PBXFileReference; lastKnownFileType = sourcecode.swift; path = MemeCollectionViewNavBar.swift; sourceTree = "<group>"; };
		047996352C69EA1A00F64E6A /* GlobalConstants.swift */ = {isa = PBXFileReference; lastKnownFileType = sourcecode.swift; path = GlobalConstants.swift; sourceTree = "<group>"; };
		049537562C6731AD008C9D14 /* HanniMemeCollection.app */ = {isa = PBXFileReference; explicitFileType = wrapper.application; includeInIndex = 0; path = HanniMemeCollection.app; sourceTree = BUILT_PRODUCTS_DIR; };
		049537592C6731AD008C9D14 /* AppDelegate.swift */ = {isa = PBXFileReference; lastKnownFileType = sourcecode.swift; path = AppDelegate.swift; sourceTree = "<group>"; };
		0495375B2C6731AD008C9D14 /* SceneDelegate.swift */ = {isa = PBXFileReference; lastKnownFileType = sourcecode.swift; path = SceneDelegate.swift; sourceTree = "<group>"; };
		0495375D2C6731AD008C9D14 /* MainScreenViewController.swift */ = {isa = PBXFileReference; lastKnownFileType = sourcecode.swift; path = MainScreenViewController.swift; sourceTree = "<group>"; };
		049537622C6731AE008C9D14 /* Assets.xcassets */ = {isa = PBXFileReference; lastKnownFileType = folder.assetcatalog; path = Assets.xcassets; sourceTree = "<group>"; };
		049537652C6731AE008C9D14 /* Base */ = {isa = PBXFileReference; lastKnownFileType = file.storyboard; name = Base; path = Base.lproj/LaunchScreen.storyboard; sourceTree = "<group>"; };
		049537672C6731AE008C9D14 /* Info.plist */ = {isa = PBXFileReference; lastKnownFileType = text.plist.xml; path = Info.plist; sourceTree = "<group>"; };
/* End PBXFileReference section */

/* Begin PBXFrameworksBuildPhase section */
		049537532C6731AD008C9D14 /* Frameworks */ = {
			isa = PBXFrameworksBuildPhase;
			buildActionMask = 2147483647;
			files = (
			);
			runOnlyForDeploymentPostprocessing = 0;
		};
/* End PBXFrameworksBuildPhase section */

/* Begin PBXGroup section */
		0479962D2C69DBA400F64E6A /* View */ = {
			isa = PBXGroup;
			children = (
				047996212C673D6800F64E6A /* MainScreenView.swift */,
				047996292C690CDD00F64E6A /* MemeCell.swift */,
				047996332C69E10400F64E6A /* MemeCollectionViewNavBar.swift */,
			);
			path = View;
			sourceTree = "<group>";
		};
		0479962E2C69DBB100F64E6A /* Controller */ = {
			isa = PBXGroup;
			children = (
				0495375D2C6731AD008C9D14 /* MainScreenViewController.swift */,
				047996272C67513600F64E6A /* MemeCollectionViewController.swift */,
			);
			path = Controller;
			sourceTree = "<group>";
		};
		0479962F2C69DBC500F64E6A /* Storyboard */ = {
			isa = PBXGroup;
			children = (
				047996232C67405600F64E6A /* MainScreenVIew.storyboard */,
				047996252C67505D00F64E6A /* MemeCollectionView.storyboard */,
			);
			path = Storyboard;
			sourceTree = "<group>";
		};
		047996302C69DBD400F64E6A /* Model */ = {
			isa = PBXGroup;
			children = (
				0479962B2C69CC0100F64E6A /* MemeVideo.swift */,
			);
			path = Model;
			sourceTree = "<group>";
		};
		0495374D2C6731AD008C9D14 = {
			isa = PBXGroup;
			children = (
				0479961E2C673A3000F64E6A /* README.md */,
				049537582C6731AD008C9D14 /* HanniMemeCollection */,
				049537572C6731AD008C9D14 /* Products */,
			);
			sourceTree = "<group>";
		};
		049537572C6731AD008C9D14 /* Products */ = {
			isa = PBXGroup;
			children = (
				049537562C6731AD008C9D14 /* HanniMemeCollection.app */,
			);
			name = Products;
			sourceTree = "<group>";
		};
		049537582C6731AD008C9D14 /* HanniMemeCollection */ = {
			isa = PBXGroup;
			children = (
				047996352C69EA1A00F64E6A /* GlobalConstants.swift */,
				049537592C6731AD008C9D14 /* AppDelegate.swift */,
				0495375B2C6731AD008C9D14 /* SceneDelegate.swift */,
				0479962D2C69DBA400F64E6A /* View */,
				0479962E2C69DBB100F64E6A /* Controller */,
				047996302C69DBD400F64E6A /* Model */,
				0479962F2C69DBC500F64E6A /* Storyboard */,
				049537622C6731AE008C9D14 /* Assets.xcassets */,
				049537642C6731AE008C9D14 /* LaunchScreen.storyboard */,
				049537672C6731AE008C9D14 /* Info.plist */,
			);
			path = HanniMemeCollection;
			sourceTree = "<group>";
		};
/* End PBXGroup section */

/* Begin PBXNativeTarget section */
		049537552C6731AD008C9D14 /* HanniMemeCollection */ = {
			isa = PBXNativeTarget;
			buildConfigurationList = 0495376A2C6731AE008C9D14 /* Build configuration list for PBXNativeTarget "HanniMemeCollection" */;
			buildPhases = (
				049537522C6731AD008C9D14 /* Sources */,
				049537532C6731AD008C9D14 /* Frameworks */,
				049537542C6731AD008C9D14 /* Resources */,
			);
			buildRules = (
			);
			dependencies = (
			);
			name = HanniMemeCollection;
			productName = HanniMemeCollection;
			productReference = 049537562C6731AD008C9D14 /* HanniMemeCollection.app */;
			productType = "com.apple.product-type.application";
		};
/* End PBXNativeTarget section */

/* Begin PBXProject section */
		0495374E2C6731AD008C9D14 /* Project object */ = {
			isa = PBXProject;
			attributes = {
				BuildIndependentTargetsInParallel = 1;
				LastSwiftUpdateCheck = 1540;
				LastUpgradeCheck = 1540;
				TargetAttributes = {
					049537552C6731AD008C9D14 = {
						CreatedOnToolsVersion = 15.4;
					};
				};
			};
			buildConfigurationList = 049537512C6731AD008C9D14 /* Build configuration list for PBXProject "HanniMemeCollection" */;
			compatibilityVersion = "Xcode 14.0";
			developmentRegion = en;
			hasScannedForEncodings = 0;
			knownRegions = (
				en,
				Base,
			);
			mainGroup = 0495374D2C6731AD008C9D14;
			productRefGroup = 049537572C6731AD008C9D14 /* Products */;
			projectDirPath = "";
			projectRoot = "";
			targets = (
				049537552C6731AD008C9D14 /* HanniMemeCollection */,
			);
		};
/* End PBXProject section */

/* Begin PBXResourcesBuildPhase section */
		049537542C6731AD008C9D14 /* Resources */ = {
			isa = PBXResourcesBuildPhase;
			buildActionMask = 2147483647;
			files = (
				049537632C6731AE008C9D14 /* Assets.xcassets in Resources */,
				047996242C67405600F64E6A /* MainScreenVIew.storyboard in Resources */,
				049537662C6731AE008C9D14 /* Base in Resources */,
				047996262C67505D00F64E6A /* MemeCollectionView.storyboard in Resources */,
			);
			runOnlyForDeploymentPostprocessing = 0;
		};
/* End PBXResourcesBuildPhase section */

/* Begin PBXSourcesBuildPhase section */
		049537522C6731AD008C9D14 /* Sources */ = {
			isa = PBXSourcesBuildPhase;
			buildActionMask = 2147483647;
			files = (
				0495375E2C6731AD008C9D14 /* MainScreenViewController.swift in Sources */,
				047996362C69EA1A00F64E6A /* GlobalConstants.swift in Sources */,
				0495375A2C6731AD008C9D14 /* AppDelegate.swift in Sources */,
				0479962C2C69CC0100F64E6A /* MemeVideo.swift in Sources */,
				047996282C67513600F64E6A /* MemeCollectionViewController.swift in Sources */,
				0479962A2C690CDD00F64E6A /* MemeCell.swift in Sources */,
				0495375C2C6731AD008C9D14 /* SceneDelegate.swift in Sources */,
				047996342C69E10400F64E6A /* MemeCollectionViewNavBar.swift in Sources */,
				047996222C673D6800F64E6A /* MainScreenView.swift in Sources */,
			);
			runOnlyForDeploymentPostprocessing = 0;
		};
/* End PBXSourcesBuildPhase section */

/* Begin PBXVariantGroup section */
		049537642C6731AE008C9D14 /* LaunchScreen.storyboard */ = {
			isa = PBXVariantGroup;
			children = (
				049537652C6731AE008C9D14 /* Base */,
			);
			name = LaunchScreen.storyboard;
			sourceTree = "<group>";
		};
/* End PBXVariantGroup section */

/* Begin XCBuildConfiguration section */
		049537682C6731AE008C9D14 /* Debug */ = {
			isa = XCBuildConfiguration;
			buildSettings = {
				ALWAYS_SEARCH_USER_PATHS = NO;
				ASSETCATALOG_COMPILER_GENERATE_SWIFT_ASSET_SYMBOL_EXTENSIONS = YES;
				CLANG_ANALYZER_NONNULL = YES;
				CLANG_ANALYZER_NUMBER_OBJECT_CONVERSION = YES_AGGRESSIVE;
				CLANG_CXX_LANGUAGE_STANDARD = "gnu++20";
				CLANG_ENABLE_MODULES = YES;
				CLANG_ENABLE_OBJC_ARC = YES;
				CLANG_ENABLE_OBJC_WEAK = YES;
				CLANG_WARN_BLOCK_CAPTURE_AUTORELEASING = YES;
				CLANG_WARN_BOOL_CONVERSION = YES;
				CLANG_WARN_COMMA = YES;
				CLANG_WARN_CONSTANT_CONVERSION = YES;
				CLANG_WARN_DEPRECATED_OBJC_IMPLEMENTATIONS = YES;
				CLANG_WARN_DIRECT_OBJC_ISA_USAGE = YES_ERROR;
				CLANG_WARN_DOCUMENTATION_COMMENTS = YES;
				CLANG_WARN_EMPTY_BODY = YES;
				CLANG_WARN_ENUM_CONVERSION = YES;
				CLANG_WARN_INFINITE_RECURSION = YES;
				CLANG_WARN_INT_CONVERSION = YES;
				CLANG_WARN_NON_LITERAL_NULL_CONVERSION = YES;
				CLANG_WARN_OBJC_IMPLICIT_RETAIN_SELF = YES;
				CLANG_WARN_OBJC_LITERAL_CONVERSION = YES;
				CLANG_WARN_OBJC_ROOT_CLASS = YES_ERROR;
				CLANG_WARN_QUOTED_INCLUDE_IN_FRAMEWORK_HEADER = YES;
				CLANG_WARN_RANGE_LOOP_ANALYSIS = YES;
				CLANG_WARN_STRICT_PROTOTYPES = YES;
				CLANG_WARN_SUSPICIOUS_MOVE = YES;
				CLANG_WARN_UNGUARDED_AVAILABILITY = YES_AGGRESSIVE;
				CLANG_WARN_UNREACHABLE_CODE = YES;
				CLANG_WARN__DUPLICATE_METHOD_MATCH = YES;
				COPY_PHASE_STRIP = NO;
				DEBUG_INFORMATION_FORMAT = dwarf;
				ENABLE_STRICT_OBJC_MSGSEND = YES;
				ENABLE_TESTABILITY = YES;
				ENABLE_USER_SCRIPT_SANDBOXING = YES;
				GCC_C_LANGUAGE_STANDARD = gnu17;
				GCC_DYNAMIC_NO_PIC = NO;
				GCC_NO_COMMON_BLOCKS = YES;
				GCC_OPTIMIZATION_LEVEL = 0;
				GCC_PREPROCESSOR_DEFINITIONS = (
					"DEBUG=1",
					"$(inherited)",
				);
				GCC_WARN_64_TO_32_BIT_CONVERSION = YES;
				GCC_WARN_ABOUT_RETURN_TYPE = YES_ERROR;
				GCC_WARN_UNDECLARED_SELECTOR = YES;
				GCC_WARN_UNINITIALIZED_AUTOS = YES_AGGRESSIVE;
				GCC_WARN_UNUSED_FUNCTION = YES;
				GCC_WARN_UNUSED_VARIABLE = YES;
				IPHONEOS_DEPLOYMENT_TARGET = 15.0;
				LOCALIZATION_PREFERS_STRING_CATALOGS = YES;
				MTL_ENABLE_DEBUG_INFO = INCLUDE_SOURCE;
				MTL_FAST_MATH = YES;
				ONLY_ACTIVE_ARCH = YES;
				SDKROOT = iphoneos;
				SWIFT_ACTIVE_COMPILATION_CONDITIONS = "DEBUG $(inherited)";
				SWIFT_OPTIMIZATION_LEVEL = "-Onone";
			};
			name = Debug;
		};
		049537692C6731AE008C9D14 /* Release */ = {
			isa = XCBuildConfiguration;
			buildSettings = {
				ALWAYS_SEARCH_USER_PATHS = NO;
				ASSETCATALOG_COMPILER_GENERATE_SWIFT_ASSET_SYMBOL_EXTENSIONS = YES;
				CLANG_ANALYZER_NONNULL = YES;
				CLANG_ANALYZER_NUMBER_OBJECT_CONVERSION = YES_AGGRESSIVE;
				CLANG_CXX_LANGUAGE_STANDARD = "gnu++20";
				CLANG_ENABLE_MODULES = YES;
				CLANG_ENABLE_OBJC_ARC = YES;
				CLANG_ENABLE_OBJC_WEAK = YES;
				CLANG_WARN_BLOCK_CAPTURE_AUTORELEASING = YES;
				CLANG_WARN_BOOL_CONVERSION = YES;
				CLANG_WARN_COMMA = YES;
				CLANG_WARN_CONSTANT_CONVERSION = YES;
				CLANG_WARN_DEPRECATED_OBJC_IMPLEMENTATIONS = YES;
				CLANG_WARN_DIRECT_OBJC_ISA_USAGE = YES_ERROR;
				CLANG_WARN_DOCUMENTATION_COMMENTS = YES;
				CLANG_WARN_EMPTY_BODY = YES;
				CLANG_WARN_ENUM_CONVERSION = YES;
				CLANG_WARN_INFINITE_RECURSION = YES;
				CLANG_WARN_INT_CONVERSION = YES;
				CLANG_WARN_NON_LITERAL_NULL_CONVERSION = YES;
				CLANG_WARN_OBJC_IMPLICIT_RETAIN_SELF = YES;
				CLANG_WARN_OBJC_LITERAL_CONVERSION = YES;
				CLANG_WARN_OBJC_ROOT_CLASS = YES_ERROR;
				CLANG_WARN_QUOTED_INCLUDE_IN_FRAMEWORK_HEADER = YES;
				CLANG_WARN_RANGE_LOOP_ANALYSIS = YES;
				CLANG_WARN_STRICT_PROTOTYPES = YES;
				CLANG_WARN_SUSPICIOUS_MOVE = YES;
				CLANG_WARN_UNGUARDED_AVAILABILITY = YES_AGGRESSIVE;
				CLANG_WARN_UNREACHABLE_CODE = YES;
				CLANG_WARN__DUPLICATE_METHOD_MATCH = YES;
				COPY_PHASE_STRIP = NO;
				DEBUG_INFORMATION_FORMAT = "dwarf-with-dsym";
				ENABLE_NS_ASSERTIONS = NO;
				ENABLE_STRICT_OBJC_MSGSEND = YES;
				ENABLE_USER_SCRIPT_SANDBOXING = YES;
				GCC_C_LANGUAGE_STANDARD = gnu17;
				GCC_NO_COMMON_BLOCKS = YES;
				GCC_WARN_64_TO_32_BIT_CONVERSION = YES;
				GCC_WARN_ABOUT_RETURN_TYPE = YES_ERROR;
				GCC_WARN_UNDECLARED_SELECTOR = YES;
				GCC_WARN_UNINITIALIZED_AUTOS = YES_AGGRESSIVE;
				GCC_WARN_UNUSED_FUNCTION = YES;
				GCC_WARN_UNUSED_VARIABLE = YES;
				IPHONEOS_DEPLOYMENT_TARGET = 15.0;
				LOCALIZATION_PREFERS_STRING_CATALOGS = YES;
				MTL_ENABLE_DEBUG_INFO = NO;
				MTL_FAST_MATH = YES;
				SDKROOT = iphoneos;
				SWIFT_COMPILATION_MODE = wholemodule;
				VALIDATE_PRODUCT = YES;
			};
			name = Release;
		};
		0495376B2C6731AE008C9D14 /* Debug */ = {
			isa = XCBuildConfiguration;
			buildSettings = {
				ASSETCATALOG_COMPILER_APPICON_NAME = AppIcon;
				ASSETCATALOG_COMPILER_GLOBAL_ACCENT_COLOR_NAME = AccentColor;
				CODE_SIGN_STYLE = Automatic;
				CURRENT_PROJECT_VERSION = 1;
				DEVELOPMENT_TEAM = 7492YXB292;
				GENERATE_INFOPLIST_FILE = YES;
				INFOPLIST_FILE = HanniMemeCollection/Info.plist;
				INFOPLIST_KEY_UIApplicationSupportsIndirectInputEvents = YES;
				INFOPLIST_KEY_UILaunchStoryboardName = LaunchScreen;
				INFOPLIST_KEY_UISupportedInterfaceOrientations_iPad = "UIInterfaceOrientationPortrait UIInterfaceOrientationPortraitUpsideDown UIInterfaceOrientationLandscapeLeft UIInterfaceOrientationLandscapeRight";
				INFOPLIST_KEY_UISupportedInterfaceOrientations_iPhone = "UIInterfaceOrientationPortrait UIInterfaceOrientationLandscapeLeft UIInterfaceOrientationLandscapeRight";
				IPHONEOS_DEPLOYMENT_TARGET = 15.0;
				LD_RUNPATH_SEARCH_PATHS = (
					"$(inherited)",
					"@executable_path/Frameworks",
				);
				MARKETING_VERSION = 1.0;
				PRODUCT_BUNDLE_IDENTIFIER = com.study.HanniMemeCollection;
				PRODUCT_NAME = "$(TARGET_NAME)";
				SWIFT_EMIT_LOC_STRINGS = YES;
				SWIFT_VERSION = 5.0;
				TARGETED_DEVICE_FAMILY = "1,2";
			};
			name = Debug;
		};
		0495376C2C6731AE008C9D14 /* Release */ = {
			isa = XCBuildConfiguration;
			buildSettings = {
				ASSETCATALOG_COMPILER_APPICON_NAME = AppIcon;
				ASSETCATALOG_COMPILER_GLOBAL_ACCENT_COLOR_NAME = AccentColor;
				CODE_SIGN_STYLE = Automatic;
				CURRENT_PROJECT_VERSION = 1;
				DEVELOPMENT_TEAM = 7492YXB292;
				GENERATE_INFOPLIST_FILE = YES;
				INFOPLIST_FILE = HanniMemeCollection/Info.plist;
				INFOPLIST_KEY_UIApplicationSupportsIndirectInputEvents = YES;
				INFOPLIST_KEY_UILaunchStoryboardName = LaunchScreen;
				INFOPLIST_KEY_UISupportedInterfaceOrientations_iPad = "UIInterfaceOrientationPortrait UIInterfaceOrientationPortraitUpsideDown UIInterfaceOrientationLandscapeLeft UIInterfaceOrientationLandscapeRight";
				INFOPLIST_KEY_UISupportedInterfaceOrientations_iPhone = "UIInterfaceOrientationPortrait UIInterfaceOrientationLandscapeLeft UIInterfaceOrientationLandscapeRight";
				IPHONEOS_DEPLOYMENT_TARGET = 15.0;
				LD_RUNPATH_SEARCH_PATHS = (
					"$(inherited)",
					"@executable_path/Frameworks",
				);
				MARKETING_VERSION = 1.0;
				PRODUCT_BUNDLE_IDENTIFIER = com.study.HanniMemeCollection;
				PRODUCT_NAME = "$(TARGET_NAME)";
				SWIFT_EMIT_LOC_STRINGS = YES;
				SWIFT_VERSION = 5.0;
				TARGETED_DEVICE_FAMILY = "1,2";
			};
			name = Release;
		};
/* End XCBuildConfiguration section */

/* Begin XCConfigurationList section */
		049537512C6731AD008C9D14 /* Build configuration list for PBXProject "HanniMemeCollection" */ = {
			isa = XCConfigurationList;
			buildConfigurations = (
				049537682C6731AE008C9D14 /* Debug */,
				049537692C6731AE008C9D14 /* Release */,
			);
			defaultConfigurationIsVisible = 0;
			defaultConfigurationName = Release;
		};
		0495376A2C6731AE008C9D14 /* Build configuration list for PBXNativeTarget "HanniMemeCollection" */ = {
			isa = XCConfigurationList;
			buildConfigurations = (
				0495376B2C6731AE008C9D14 /* Debug */,
				0495376C2C6731AE008C9D14 /* Release */,
			);
			defaultConfigurationIsVisible = 0;
			defaultConfigurationName = Release;
		};
/* End XCConfigurationList section */
	};
	rootObject = 0495374E2C6731AD008C9D14 /* Project object */;
}
